// !$*UTF8*$!
{
	archiveVersion = 1;
	classes = {
	};
	objectVersion = 50;
	objects = {

/* Begin PBXBuildFile section */
		6D138D0D20D7D309004C9D81 /* AppDelegate.swift in Sources */ = {isa = PBXBuildFile; fileRef = 6D138D0C20D7D309004C9D81 /* AppDelegate.swift */; };
		6D138D0F20D7D309004C9D81 /* ViewController.swift in Sources */ = {isa = PBXBuildFile; fileRef = 6D138D0E20D7D309004C9D81 /* ViewController.swift */; };
		6D138D1220D7D309004C9D81 /* Main.storyboard in Resources */ = {isa = PBXBuildFile; fileRef = 6D138D1020D7D309004C9D81 /* Main.storyboard */; };
		6D138D1420D7D30B004C9D81 /* Assets.xcassets in Resources */ = {isa = PBXBuildFile; fileRef = 6D138D1320D7D30B004C9D81 /* Assets.xcassets */; };
		6D138D1720D7D30B004C9D81 /* LaunchScreen.storyboard in Resources */ = {isa = PBXBuildFile; fileRef = 6D138D1520D7D30B004C9D81 /* LaunchScreen.storyboard */; };
		6D38745520D7D83F009D7557 /* CameraExtension.swift in Sources */ = {isa = PBXBuildFile; fileRef = 6D38745420D7D83F009D7557 /* CameraExtension.swift */; };
		6D38745720D7E60B009D7557 /* LibrarieExtension.swift in Sources */ = {isa = PBXBuildFile; fileRef = 6D38745620D7E60B009D7557 /* LibrarieExtension.swift */; };
		6D38745A20D7E926009D7557 /* MobileNet.mlmodel in Sources */ = {isa = PBXBuildFile; fileRef = 6D38745920D7E926009D7557 /* MobileNet.mlmodel */; };
		6D38745C20D7E993009D7557 /* CoreMLExtension.swift in Sources */ = {isa = PBXBuildFile; fileRef = 6D38745B20D7E993009D7557 /* CoreMLExtension.swift */; };
/* End PBXBuildFile section */

/* Begin PBXFileReference section */
		6D138D0920D7D309004C9D81 /* Intro a CoreMl.app */ = {isa = PBXFileReference; explicitFileType = wrapper.application; includeInIndex = 0; path = "Intro a CoreMl.app"; sourceTree = BUILT_PRODUCTS_DIR; };
		6D138D0C20D7D309004C9D81 /* AppDelegate.swift */ = {isa = PBXFileReference; lastKnownFileType = sourcecode.swift; path = AppDelegate.swift; sourceTree = "<group>"; };
		6D138D0E20D7D309004C9D81 /* ViewController.swift */ = {isa = PBXFileReference; lastKnownFileType = sourcecode.swift; path = ViewController.swift; sourceTree = "<group>"; };
		6D138D1120D7D309004C9D81 /* Base */ = {isa = PBXFileReference; lastKnownFileType = file.storyboard; name = Base; path = Base.lproj/Main.storyboard; sourceTree = "<group>"; };
		6D138D1320D7D30B004C9D81 /* Assets.xcassets */ = {isa = PBXFileReference; lastKnownFileType = folder.assetcatalog; path = Assets.xcassets; sourceTree = "<group>"; };
		6D138D1620D7D30B004C9D81 /* Base */ = {isa = PBXFileReference; lastKnownFileType = file.storyboard; name = Base; path = Base.lproj/LaunchScreen.storyboard; sourceTree = "<group>"; };
		6D138D1820D7D30B004C9D81 /* Info.plist */ = {isa = PBXFileReference; lastKnownFileType = text.plist.xml; path = Info.plist; sourceTree = "<group>"; };
		6D38745420D7D83F009D7557 /* CameraExtension.swift */ = {isa = PBXFileReference; lastKnownFileType = sourcecode.swift; path = CameraExtension.swift; sourceTree = "<group>"; };
		6D38745620D7E60B009D7557 /* LibrarieExtension.swift */ = {isa = PBXFileReference; lastKnownFileType = sourcecode.swift; path = LibrarieExtension.swift; sourceTree = "<group>"; };
		6D38745920D7E926009D7557 /* MobileNet.mlmodel */ = {isa = PBXFileReference; lastKnownFileType = file.mlmodel; path = MobileNet.mlmodel; sourceTree = "<group>"; };
		6D38745B20D7E993009D7557 /* CoreMLExtension.swift */ = {isa = PBXFileReference; lastKnownFileType = sourcecode.swift; path = CoreMLExtension.swift; sourceTree = "<group>"; };
/* End PBXFileReference section */

/* Begin PBXFrameworksBuildPhase section */
		6D138D0620D7D309004C9D81 /* Frameworks */ = {
			isa = PBXFrameworksBuildPhase;
			buildActionMask = 2147483647;
			files = (
			);
			runOnlyForDeploymentPostprocessing = 0;
		};
/* End PBXFrameworksBuildPhase section */

/* Begin PBXGroup section */
		6D138D0020D7D309004C9D81 = {
			isa = PBXGroup;
			children = (
				6D138D0B20D7D309004C9D81 /* Intro a CoreMl */,
				6D138D0A20D7D309004C9D81 /* Products */,
			);
			sourceTree = "<group>";
		};
		6D138D0A20D7D309004C9D81 /* Products */ = {
			isa = PBXGroup;
			children = (
				6D138D0920D7D309004C9D81 /* Intro a CoreMl.app */,
			);
			name = Products;
			sourceTree = "<group>";
		};
		6D138D0B20D7D309004C9D81 /* Intro a CoreMl */ = {
			isa = PBXGroup;
			children = (
				6D38745820D7E8E4009D7557 /* CoreMLModel */,
				6D138D0C20D7D309004C9D81 /* AppDelegate.swift */,
				6D138D0E20D7D309004C9D81 /* ViewController.swift */,
				6D138D1020D7D309004C9D81 /* Main.storyboard */,
				6D138D1320D7D30B004C9D81 /* Assets.xcassets */,
				6D138D1520D7D30B004C9D81 /* LaunchScreen.storyboard */,
				6D138D1820D7D30B004C9D81 /* Info.plist */,
				6D38745420D7D83F009D7557 /* CameraExtension.swift */,
				6D38745620D7E60B009D7557 /* LibrarieExtension.swift */,
				6D38745B20D7E993009D7557 /* CoreMLExtension.swift */,
			);
			path = "Intro a CoreMl";
			sourceTree = "<group>";
		};
		6D38745820D7E8E4009D7557 /* CoreMLModel */ = {
			isa = PBXGroup;
			children = (
				6D38745920D7E926009D7557 /* MobileNet.mlmodel */,
			);
			path = CoreMLModel;
			sourceTree = "<group>";
		};
/* End PBXGroup section */

/* Begin PBXNativeTarget section */
		6D138D0820D7D309004C9D81 /* Intro a CoreMl */ = {
			isa = PBXNativeTarget;
			buildConfigurationList = 6D138D1B20D7D30B004C9D81 /* Build configuration list for PBXNativeTarget "Intro a CoreMl" */;
			buildPhases = (
				6D138D0520D7D309004C9D81 /* Sources */,
				6D138D0620D7D309004C9D81 /* Frameworks */,
				6D138D0720D7D309004C9D81 /* Resources */,
			);
			buildRules = (
			);
			dependencies = (
			);
			name = "Intro a CoreMl";
			productName = "Intro a CoreMl";
			productReference = 6D138D0920D7D309004C9D81 /* Intro a CoreMl.app */;
			productType = "com.apple.product-type.application";
		};
/* End PBXNativeTarget section */

/* Begin PBXProject section */
		6D138D0120D7D309004C9D81 /* Project object */ = {
			isa = PBXProject;
			attributes = {
				LastSwiftUpdateCheck = 0940;
				LastUpgradeCheck = 0940;
				ORGANIZATIONNAME = damien;
				TargetAttributes = {
					6D138D0820D7D309004C9D81 = {
						CreatedOnToolsVersion = 9.4;
					};
				};
			};
			buildConfigurationList = 6D138D0420D7D309004C9D81 /* Build configuration list for PBXProject "Intro a CoreMl" */;
			compatibilityVersion = "Xcode 9.3";
			developmentRegion = en;
			hasScannedForEncodings = 0;
			knownRegions = (
				en,
				Base,
			);
			mainGroup = 6D138D0020D7D309004C9D81;
			productRefGroup = 6D138D0A20D7D309004C9D81 /* Products */;
			projectDirPath = "";
			projectRoot = "";
			targets = (
				6D138D0820D7D309004C9D81 /* Intro a CoreMl */,
			);
		};
/* End PBXProject section */

/* Begin PBXResourcesBuildPhase section */
		6D138D0720D7D309004C9D81 /* Resources */ = {
			isa = PBXResourcesBuildPhase;
			buildActionMask = 2147483647;
			files = (
				6D138D1720D7D30B004C9D81 /* LaunchScreen.storyboard in Resources */,
				6D138D1420D7D30B004C9D81 /* Assets.xcassets in Resources */,
				6D138D1220D7D309004C9D81 /* Main.storyboard in Resources */,
			);
			runOnlyForDeploymentPostprocessing = 0;
		};
/* End PBXResourcesBuildPhase section */

/* Begin PBXSourcesBuildPhase section */
		6D138D0520D7D309004C9D81 /* Sources */ = {
			isa = PBXSourcesBuildPhase;
			buildActionMask = 2147483647;
			files = (
				6D138D0F20D7D309004C9D81 /* ViewController.swift in Sources */,
				6D38745A20D7E926009D7557 /* MobileNet.mlmodel in Sources */,
				6D38745720D7E60B009D7557 /* LibrarieExtension.swift in Sources */,
				6D138D0D20D7D309004C9D81 /* AppDelegate.swift in Sources */,
				6D38745520D7D83F009D7557 /* CameraExtension.swift in Sources */,
				6D38745C20D7E993009D7557 /* CoreMLExtension.swift in Sources */,
			);
			runOnlyForDeploymentPostprocessing = 0;
		};
/* End PBXSourcesBuildPhase section */

/* Begin PBXVariantGroup section */
		6D138D1020D7D309004C9D81 /* Main.storyboard */ = {
			isa = PBXVariantGroup;
			children = (
				6D138D1120D7D309004C9D81 /* Base */,
			);
			name = Main.storyboard;
			sourceTree = "<group>";
		};
		6D138D1520D7D30B004C9D81 /* LaunchScreen.storyboard */ = {
			isa = PBXVariantGroup;
			children = (
				6D138D1620D7D30B004C9D81 /* Base */,
			);
			name = LaunchScreen.storyboard;
			sourceTree = "<group>";
		};
/* End PBXVariantGroup section */

/* Begin XCBuildConfiguration section */
		6D138D1920D7D30B004C9D81 /* Debug */ = {
			isa = XCBuildConfiguration;
			buildSettings = {
				ALWAYS_SEARCH_USER_PATHS = NO;
				CLANG_ANALYZER_NONNULL = YES;
				CLANG_ANALYZER_NUMBER_OBJECT_CONVERSION = YES_AGGRESSIVE;
				CLANG_CXX_LANGUAGE_STANDARD = "gnu++14";
				CLANG_CXX_LIBRARY = "libc++";
				CLANG_ENABLE_MODULES = YES;
				CLANG_ENABLE_OBJC_ARC = YES;
				CLANG_ENABLE_OBJC_WEAK = YES;
				CLANG_WARN_BLOCK_CAPTURE_AUTORELEASING = YES;
				CLANG_WARN_BOOL_CONVERSION = YES;
				CLANG_WARN_COMMA = YES;
				CLANG_WARN_CONSTANT_CONVERSION = YES;
				CLANG_WARN_DEPRECATED_OBJC_IMPLEMENTATIONS = YES;
				CLANG_WARN_DIRECT_OBJC_ISA_USAGE = YES_ERROR;
				CLANG_WARN_DOCUMENTATION_COMMENTS = YES;
				CLANG_WARN_EMPTY_BODY = YES;
				CLANG_WARN_ENUM_CONVERSION = YES;
				CLANG_WARN_INFINITE_RECURSION = YES;
				CLANG_WARN_INT_CONVERSION = YES;
				CLANG_WARN_NON_LITERAL_NULL_CONVERSION = YES;
				CLANG_WARN_OBJC_IMPLICIT_RETAIN_SELF = YES;
				CLANG_WARN_OBJC_LITERAL_CONVERSION = YES;
				CLANG_WARN_OBJC_ROOT_CLASS = YES_ERROR;
				CLANG_WARN_RANGE_LOOP_ANALYSIS = YES;
				CLANG_WARN_STRICT_PROTOTYPES = YES;
				CLANG_WARN_SUSPICIOUS_MOVE = YES;
				CLANG_WARN_UNGUARDED_AVAILABILITY = YES_AGGRESSIVE;
				CLANG_WARN_UNREACHABLE_CODE = YES;
				CLANG_WARN__DUPLICATE_METHOD_MATCH = YES;
				CODE_SIGN_IDENTITY = "iPhone Developer";
				COPY_PHASE_STRIP = NO;
				DEBUG_INFORMATION_FORMAT = dwarf;
				ENABLE_STRICT_OBJC_MSGSEND = YES;
				ENABLE_TESTABILITY = YES;
				GCC_C_LANGUAGE_STANDARD = gnu11;
				GCC_DYNAMIC_NO_PIC = NO;
				GCC_NO_COMMON_BLOCKS = YES;
				GCC_OPTIMIZATION_LEVEL = 0;
				GCC_PREPROCESSOR_DEFINITIONS = (
					"DEBUG=1",
					"$(inherited)",
				);
				GCC_WARN_64_TO_32_BIT_CONVERSION = YES;
				GCC_WARN_ABOUT_RETURN_TYPE = YES_ERROR;
				GCC_WARN_UNDECLARED_SELECTOR = YES;
				GCC_WARN_UNINITIALIZED_AUTOS = YES_AGGRESSIVE;
				GCC_WARN_UNUSED_FUNCTION = YES;
				GCC_WARN_UNUSED_VARIABLE = YES;
				IPHONEOS_DEPLOYMENT_TARGET = 11.4;
				MTL_ENABLE_DEBUG_INFO = YES;
				ONLY_ACTIVE_ARCH = YES;
				SDKROOT = iphoneos;
				SWIFT_ACTIVE_COMPILATION_CONDITIONS = DEBUG;
				SWIFT_OPTIMIZATION_LEVEL = "-Onone";
			};
			name = Debug;
		};
		6D138D1A20D7D30B004C9D81 /* Release */ = {
			isa = XCBuildConfiguration;
			buildSettings = {
				ALWAYS_SEARCH_USER_PATHS = NO;
				CLANG_ANALYZER_NONNULL = YES;
				CLANG_ANALYZER_NUMBER_OBJECT_CONVERSION = YES_AGGRESSIVE;
				CLANG_CXX_LANGUAGE_STANDARD = "gnu++14";
				CLANG_CXX_LIBRARY = "libc++";
				CLANG_ENABLE_MODULES = YES;
				CLANG_ENABLE_OBJC_ARC = YES;
				CLANG_ENABLE_OBJC_WEAK = YES;
				CLANG_WARN_BLOCK_CAPTURE_AUTORELEASING = YES;
				CLANG_WARN_BOOL_CONVERSION = YES;
				CLANG_WARN_COMMA = YES;
				CLANG_WARN_CONSTANT_CONVERSION = YES;
				CLANG_WARN_DEPRECATED_OBJC_IMPLEMENTATIONS = YES;
				CLANG_WARN_DIRECT_OBJC_ISA_USAGE = YES_ERROR;
				CLANG_WARN_DOCUMENTATION_COMMENTS = YES;
				CLANG_WARN_EMPTY_BODY = YES;
				CLANG_WARN_ENUM_CONVERSION = YES;
				CLANG_WARN_INFINITE_RECURSION = YES;
				CLANG_WARN_INT_CONVERSION = YES;
				CLANG_WARN_NON_LITERAL_NULL_CONVERSION = YES;
				CLANG_WARN_OBJC_IMPLICIT_RETAIN_SELF = YES;
				CLANG_WARN_OBJC_LITERAL_CONVERSION = YES;
				CLANG_WARN_OBJC_ROOT_CLASS = YES_ERROR;
				CLANG_WARN_RANGE_LOOP_ANALYSIS = YES;
				CLANG_WARN_STRICT_PROTOTYPES = YES;
				CLANG_WARN_SUSPICIOUS_MOVE = YES;
				CLANG_WARN_UNGUARDED_AVAILABILITY = YES_AGGRESSIVE;
				CLANG_WARN_UNREACHABLE_CODE = YES;
				CLANG_WARN__DUPLICATE_METHOD_MATCH = YES;
				CODE_SIGN_IDENTITY = "iPhone Developer";
				COPY_PHASE_STRIP = NO;
				DEBUG_INFORMATION_FORMAT = "dwarf-with-dsym";
				ENABLE_NS_ASSERTIONS = NO;
				ENABLE_STRICT_OBJC_MSGSEND = YES;
				GCC_C_LANGUAGE_STANDARD = gnu11;
				GCC_NO_COMMON_BLOCKS = YES;
				GCC_WARN_64_TO_32_BIT_CONVERSION = YES;
				GCC_WARN_ABOUT_RETURN_TYPE = YES_ERROR;
				GCC_WARN_UNDECLARED_SELECTOR = YES;
				GCC_WARN_UNINITIALIZED_AUTOS = YES_AGGRESSIVE;
				GCC_WARN_UNUSED_FUNCTION = YES;
				GCC_WARN_UNUSED_VARIABLE = YES;
				IPHONEOS_DEPLOYMENT_TARGET = 11.4;
				MTL_ENABLE_DEBUG_INFO = NO;
				SDKROOT = iphoneos;
				SWIFT_COMPILATION_MODE = wholemodule;
				SWIFT_OPTIMIZATION_LEVEL = "-O";
				VALIDATE_PRODUCT = YES;
			};
			name = Release;
		};
		6D138D1C20D7D30B004C9D81 /* Debug */ = {
			isa = XCBuildConfiguration;
			buildSettings = {
				ASSETCATALOG_COMPILER_APPICON_NAME = AppIcon;
				CODE_SIGN_STYLE = Automatic;
				DEVELOPMENT_TEAM = B84MT6DDGV;
				INFOPLIST_FILE = "Intro a CoreMl/Info.plist";
				LD_RUNPATH_SEARCH_PATHS = (
					"$(inherited)",
					"@executable_path/Frameworks",
				);
				PRODUCT_BUNDLE_IDENTIFIER = "com.dgironnet.Intro-a-CoreMl";
				PRODUCT_NAME = "$(TARGET_NAME)";
				SWIFT_VERSION = 4.0;
				TARGETED_DEVICE_FAMILY = "1,2";
			};
			name = Debug;
		};
		6D138D1D20D7D30B004C9D81 /* Release */ = {
			isa = XCBuildConfiguration;
			buildSettings = {
				ASSETCATALOG_COMPILER_APPICON_NAME = AppIcon;
				CODE_SIGN_STYLE = Automatic;
				DEVELOPMENT_TEAM = B84MT6DDGV;
				INFOPLIST_FILE = "Intro a CoreMl/Info.plist";
				LD_RUNPATH_SEARCH_PATHS = (
					"$(inherited)",
					"@executable_path/Frameworks",
				);
				PRODUCT_BUNDLE_IDENTIFIER = "com.dgironnet.Intro-a-CoreMl";
				PRODUCT_NAME = "$(TARGET_NAME)";
				SWIFT_VERSION = 4.0;
				TARGETED_DEVICE_FAMILY = "1,2";
			};
			name = Release;
		};
/* End XCBuildConfiguration section */

/* Begin XCConfigurationList section */
		6D138D0420D7D309004C9D81 /* Build configuration list for PBXProject "Intro a CoreMl" */ = {
			isa = XCConfigurationList;
			buildConfigurations = (
				6D138D1920D7D30B004C9D81 /* Debug */,
				6D138D1A20D7D30B004C9D81 /* Release */,
			);
			defaultConfigurationIsVisible = 0;
			defaultConfigurationName = Release;
		};
		6D138D1B20D7D30B004C9D81 /* Build configuration list for PBXNativeTarget "Intro a CoreMl" */ = {
			isa = XCConfigurationList;
			buildConfigurations = (
				6D138D1C20D7D30B004C9D81 /* Debug */,
				6D138D1D20D7D30B004C9D81 /* Release */,
			);
			defaultConfigurationIsVisible = 0;
			defaultConfigurationName = Release;
		};
/* End XCConfigurationList section */
	};
	rootObject = 6D138D0120D7D309004C9D81 /* Project object */;
}
