// !$*UTF8*$!
{
	archiveVersion = 1;
	classes = {
	};
	objectVersion = 50;
	objects = {

/* Begin PBXBuildFile section */
		6DED573720B54ECB001926D6 /* AppDelegate.swift in Sources */ = {isa = PBXBuildFile; fileRef = 6DED573620B54ECB001926D6 /* AppDelegate.swift */; };
		6DED573C20B54ECB001926D6 /* Main.storyboard in Resources */ = {isa = PBXBuildFile; fileRef = 6DED573A20B54ECB001926D6 /* Main.storyboard */; };
		6DED573E20B54ECE001926D6 /* Assets.xcassets in Resources */ = {isa = PBXBuildFile; fileRef = 6DED573D20B54ECE001926D6 /* Assets.xcassets */; };
		6DED574120B54ECE001926D6 /* LaunchScreen.storyboard in Resources */ = {isa = PBXBuildFile; fileRef = 6DED573F20B54ECE001926D6 /* LaunchScreen.storyboard */; };
		6DED574920B55337001926D6 /* AccueilController.swift in Sources */ = {isa = PBXBuildFile; fileRef = 6DED574820B55337001926D6 /* AccueilController.swift */; };
		6DED574B20B55416001926D6 /* QuizzController.swift in Sources */ = {isa = PBXBuildFile; fileRef = 6DED574A20B55416001926D6 /* QuizzController.swift */; };
		6DED574D20B5564B001926D6 /* MonBouton.swift in Sources */ = {isa = PBXBuildFile; fileRef = 6DED574C20B5564B001926D6 /* MonBouton.swift */; };
		6DED574F20B55EEA001926D6 /* Question.swift in Sources */ = {isa = PBXBuildFile; fileRef = 6DED574E20B55EEA001926D6 /* Question.swift */; };
		6DED575120B5695F001926D6 /* Extensions.swift in Sources */ = {isa = PBXBuildFile; fileRef = 6DED575020B5695F001926D6 /* Extensions.swift */; };
		6DED575320B584A2001926D6 /* MaVue.swift in Sources */ = {isa = PBXBuildFile; fileRef = 6DED575220B584A2001926D6 /* MaVue.swift */; };
/* End PBXBuildFile section */

/* Begin PBXFileReference section */
		6DED573320B54ECB001926D6 /* Quizz Drapeaux.app */ = {isa = PBXFileReference; explicitFileType = wrapper.application; includeInIndex = 0; path = "Quizz Drapeaux.app"; sourceTree = BUILT_PRODUCTS_DIR; };
		6DED573620B54ECB001926D6 /* AppDelegate.swift */ = {isa = PBXFileReference; lastKnownFileType = sourcecode.swift; path = AppDelegate.swift; sourceTree = "<group>"; };
		6DED573B20B54ECB001926D6 /* Base */ = {isa = PBXFileReference; lastKnownFileType = file.storyboard; name = Base; path = Base.lproj/Main.storyboard; sourceTree = "<group>"; };
		6DED573D20B54ECE001926D6 /* Assets.xcassets */ = {isa = PBXFileReference; lastKnownFileType = folder.assetcatalog; path = Assets.xcassets; sourceTree = "<group>"; };
		6DED574020B54ECE001926D6 /* Base */ = {isa = PBXFileReference; lastKnownFileType = file.storyboard; name = Base; path = Base.lproj/LaunchScreen.storyboard; sourceTree = "<group>"; };
		6DED574220B54ECE001926D6 /* Info.plist */ = {isa = PBXFileReference; lastKnownFileType = text.plist.xml; path = Info.plist; sourceTree = "<group>"; };
		6DED574820B55337001926D6 /* AccueilController.swift */ = {isa = PBXFileReference; lastKnownFileType = sourcecode.swift; path = AccueilController.swift; sourceTree = "<group>"; };
		6DED574A20B55416001926D6 /* QuizzController.swift */ = {isa = PBXFileReference; lastKnownFileType = sourcecode.swift; path = QuizzController.swift; sourceTree = "<group>"; };
		6DED574C20B5564B001926D6 /* MonBouton.swift */ = {isa = PBXFileReference; lastKnownFileType = sourcecode.swift; path = MonBouton.swift; sourceTree = "<group>"; };
		6DED574E20B55EEA001926D6 /* Question.swift */ = {isa = PBXFileReference; lastKnownFileType = sourcecode.swift; path = Question.swift; sourceTree = "<group>"; };
		6DED575020B5695F001926D6 /* Extensions.swift */ = {isa = PBXFileReference; lastKnownFileType = sourcecode.swift; path = Extensions.swift; sourceTree = "<group>"; };
		6DED575220B584A2001926D6 /* MaVue.swift */ = {isa = PBXFileReference; lastKnownFileType = sourcecode.swift; path = MaVue.swift; sourceTree = "<group>"; };
/* End PBXFileReference section */

/* Begin PBXFrameworksBuildPhase section */
		6DED573020B54ECB001926D6 /* Frameworks */ = {
			isa = PBXFrameworksBuildPhase;
			buildActionMask = 2147483647;
			files = (
			);
			runOnlyForDeploymentPostprocessing = 0;
		};
/* End PBXFrameworksBuildPhase section */

/* Begin PBXGroup section */
		6DED572A20B54ECB001926D6 = {
			isa = PBXGroup;
			children = (
				6DED573520B54ECB001926D6 /* Quizz Drapeaux */,
				6DED573420B54ECB001926D6 /* Products */,
			);
			sourceTree = "<group>";
		};
		6DED573420B54ECB001926D6 /* Products */ = {
			isa = PBXGroup;
			children = (
				6DED573320B54ECB001926D6 /* Quizz Drapeaux.app */,
			);
			name = Products;
			sourceTree = "<group>";
		};
		6DED573520B54ECB001926D6 /* Quizz Drapeaux */ = {
			isa = PBXGroup;
			children = (
				6DED573620B54ECB001926D6 /* AppDelegate.swift */,
				6DED573A20B54ECB001926D6 /* Main.storyboard */,
				6DED573D20B54ECE001926D6 /* Assets.xcassets */,
				6DED573F20B54ECE001926D6 /* LaunchScreen.storyboard */,
				6DED574220B54ECE001926D6 /* Info.plist */,
				6DED574820B55337001926D6 /* AccueilController.swift */,
				6DED574A20B55416001926D6 /* QuizzController.swift */,
				6DED574C20B5564B001926D6 /* MonBouton.swift */,
				6DED574E20B55EEA001926D6 /* Question.swift */,
				6DED575020B5695F001926D6 /* Extensions.swift */,
				6DED575220B584A2001926D6 /* MaVue.swift */,
			);
			path = "Quizz Drapeaux";
			sourceTree = "<group>";
		};
/* End PBXGroup section */

/* Begin PBXNativeTarget section */
		6DED573220B54ECB001926D6 /* Quizz Drapeaux */ = {
			isa = PBXNativeTarget;
			buildConfigurationList = 6DED574520B54ECE001926D6 /* Build configuration list for PBXNativeTarget "Quizz Drapeaux" */;
			buildPhases = (
				6DED572F20B54ECB001926D6 /* Sources */,
				6DED573020B54ECB001926D6 /* Frameworks */,
				6DED573120B54ECB001926D6 /* Resources */,
			);
			buildRules = (
			);
			dependencies = (
			);
			name = "Quizz Drapeaux";
			productName = "Quizz Drapeaux";
			productReference = 6DED573320B54ECB001926D6 /* Quizz Drapeaux.app */;
			productType = "com.apple.product-type.application";
		};
/* End PBXNativeTarget section */

/* Begin PBXProject section */
		6DED572B20B54ECB001926D6 /* Project object */ = {
			isa = PBXProject;
			attributes = {
				LastSwiftUpdateCheck = 0930;
				LastUpgradeCheck = 0930;
				ORGANIZATIONNAME = damien;
				TargetAttributes = {
					6DED573220B54ECB001926D6 = {
						CreatedOnToolsVersion = 9.3;
					};
				};
			};
			buildConfigurationList = 6DED572E20B54ECB001926D6 /* Build configuration list for PBXProject "Quizz Drapeaux" */;
			compatibilityVersion = "Xcode 9.3";
			developmentRegion = en;
			hasScannedForEncodings = 0;
			knownRegions = (
				en,
				Base,
			);
			mainGroup = 6DED572A20B54ECB001926D6;
			productRefGroup = 6DED573420B54ECB001926D6 /* Products */;
			projectDirPath = "";
			projectRoot = "";
			targets = (
				6DED573220B54ECB001926D6 /* Quizz Drapeaux */,
			);
		};
/* End PBXProject section */

/* Begin PBXResourcesBuildPhase section */
		6DED573120B54ECB001926D6 /* Resources */ = {
			isa = PBXResourcesBuildPhase;
			buildActionMask = 2147483647;
			files = (
				6DED574120B54ECE001926D6 /* LaunchScreen.storyboard in Resources */,
				6DED573E20B54ECE001926D6 /* Assets.xcassets in Resources */,
				6DED573C20B54ECB001926D6 /* Main.storyboard in Resources */,
			);
			runOnlyForDeploymentPostprocessing = 0;
		};
/* End PBXResourcesBuildPhase section */

/* Begin PBXSourcesBuildPhase section */
		6DED572F20B54ECB001926D6 /* Sources */ = {
			isa = PBXSourcesBuildPhase;
			buildActionMask = 2147483647;
			files = (
				6DED574F20B55EEA001926D6 /* Question.swift in Sources */,
				6DED575320B584A2001926D6 /* MaVue.swift in Sources */,
				6DED575120B5695F001926D6 /* Extensions.swift in Sources */,
				6DED574B20B55416001926D6 /* QuizzController.swift in Sources */,
				6DED574920B55337001926D6 /* AccueilController.swift in Sources */,
				6DED573720B54ECB001926D6 /* AppDelegate.swift in Sources */,
				6DED574D20B5564B001926D6 /* MonBouton.swift in Sources */,
			);
			runOnlyForDeploymentPostprocessing = 0;
		};
/* End PBXSourcesBuildPhase section */

/* Begin PBXVariantGroup section */
		6DED573A20B54ECB001926D6 /* Main.storyboard */ = {
			isa = PBXVariantGroup;
			children = (
				6DED573B20B54ECB001926D6 /* Base */,
			);
			name = Main.storyboard;
			sourceTree = "<group>";
		};
		6DED573F20B54ECE001926D6 /* LaunchScreen.storyboard */ = {
			isa = PBXVariantGroup;
			children = (
				6DED574020B54ECE001926D6 /* Base */,
			);
			name = LaunchScreen.storyboard;
			sourceTree = "<group>";
		};
/* End PBXVariantGroup section */

/* Begin XCBuildConfiguration section */
		6DED574320B54ECE001926D6 /* Debug */ = {
			isa = XCBuildConfiguration;
			buildSettings = {
				ALWAYS_SEARCH_USER_PATHS = NO;
				CLANG_ANALYZER_NONNULL = YES;
				CLANG_ANALYZER_NUMBER_OBJECT_CONVERSION = YES_AGGRESSIVE;
				CLANG_CXX_LANGUAGE_STANDARD = "gnu++14";
				CLANG_CXX_LIBRARY = "libc++";
				CLANG_ENABLE_MODULES = YES;
				CLANG_ENABLE_OBJC_ARC = YES;
				CLANG_ENABLE_OBJC_WEAK = YES;
				CLANG_WARN_BLOCK_CAPTURE_AUTORELEASING = YES;
				CLANG_WARN_BOOL_CONVERSION = YES;
				CLANG_WARN_COMMA = YES;
				CLANG_WARN_CONSTANT_CONVERSION = YES;
				CLANG_WARN_DEPRECATED_OBJC_IMPLEMENTATIONS = YES;
				CLANG_WARN_DIRECT_OBJC_ISA_USAGE = YES_ERROR;
				CLANG_WARN_DOCUMENTATION_COMMENTS = YES;
				CLANG_WARN_EMPTY_BODY = YES;
				CLANG_WARN_ENUM_CONVERSION = YES;
				CLANG_WARN_INFINITE_RECURSION = YES;
				CLANG_WARN_INT_CONVERSION = YES;
				CLANG_WARN_NON_LITERAL_NULL_CONVERSION = YES;
				CLANG_WARN_OBJC_IMPLICIT_RETAIN_SELF = YES;
				CLANG_WARN_OBJC_LITERAL_CONVERSION = YES;
				CLANG_WARN_OBJC_ROOT_CLASS = YES_ERROR;
				CLANG_WARN_RANGE_LOOP_ANALYSIS = YES;
				CLANG_WARN_STRICT_PROTOTYPES = YES;
				CLANG_WARN_SUSPICIOUS_MOVE = YES;
				CLANG_WARN_UNGUARDED_AVAILABILITY = YES_AGGRESSIVE;
				CLANG_WARN_UNREACHABLE_CODE = YES;
				CLANG_WARN__DUPLICATE_METHOD_MATCH = YES;
				CODE_SIGN_IDENTITY = "iPhone Developer";
				COPY_PHASE_STRIP = NO;
				DEBUG_INFORMATION_FORMAT = dwarf;
				ENABLE_STRICT_OBJC_MSGSEND = YES;
				ENABLE_TESTABILITY = YES;
				GCC_C_LANGUAGE_STANDARD = gnu11;
				GCC_DYNAMIC_NO_PIC = NO;
				GCC_NO_COMMON_BLOCKS = YES;
				GCC_OPTIMIZATION_LEVEL = 0;
				GCC_PREPROCESSOR_DEFINITIONS = (
					"DEBUG=1",
					"$(inherited)",
				);
				GCC_WARN_64_TO_32_BIT_CONVERSION = YES;
				GCC_WARN_ABOUT_RETURN_TYPE = YES_ERROR;
				GCC_WARN_UNDECLARED_SELECTOR = YES;
				GCC_WARN_UNINITIALIZED_AUTOS = YES_AGGRESSIVE;
				GCC_WARN_UNUSED_FUNCTION = YES;
				GCC_WARN_UNUSED_VARIABLE = YES;
				IPHONEOS_DEPLOYMENT_TARGET = 11.3;
				MTL_ENABLE_DEBUG_INFO = YES;
				ONLY_ACTIVE_ARCH = YES;
				SDKROOT = iphoneos;
				SWIFT_ACTIVE_COMPILATION_CONDITIONS = DEBUG;
				SWIFT_OPTIMIZATION_LEVEL = "-Onone";
			};
			name = Debug;
		};
		6DED574420B54ECE001926D6 /* Release */ = {
			isa = XCBuildConfiguration;
			buildSettings = {
				ALWAYS_SEARCH_USER_PATHS = NO;
				CLANG_ANALYZER_NONNULL = YES;
				CLANG_ANALYZER_NUMBER_OBJECT_CONVERSION = YES_AGGRESSIVE;
				CLANG_CXX_LANGUAGE_STANDARD = "gnu++14";
				CLANG_CXX_LIBRARY = "libc++";
				CLANG_ENABLE_MODULES = YES;
				CLANG_ENABLE_OBJC_ARC = YES;
				CLANG_ENABLE_OBJC_WEAK = YES;
				CLANG_WARN_BLOCK_CAPTURE_AUTORELEASING = YES;
				CLANG_WARN_BOOL_CONVERSION = YES;
				CLANG_WARN_COMMA = YES;
				CLANG_WARN_CONSTANT_CONVERSION = YES;
				CLANG_WARN_DEPRECATED_OBJC_IMPLEMENTATIONS = YES;
				CLANG_WARN_DIRECT_OBJC_ISA_USAGE = YES_ERROR;
				CLANG_WARN_DOCUMENTATION_COMMENTS = YES;
				CLANG_WARN_EMPTY_BODY = YES;
				CLANG_WARN_ENUM_CONVERSION = YES;
				CLANG_WARN_INFINITE_RECURSION = YES;
				CLANG_WARN_INT_CONVERSION = YES;
				CLANG_WARN_NON_LITERAL_NULL_CONVERSION = YES;
				CLANG_WARN_OBJC_IMPLICIT_RETAIN_SELF = YES;
				CLANG_WARN_OBJC_LITERAL_CONVERSION = YES;
				CLANG_WARN_OBJC_ROOT_CLASS = YES_ERROR;
				CLANG_WARN_RANGE_LOOP_ANALYSIS = YES;
				CLANG_WARN_STRICT_PROTOTYPES = YES;
				CLANG_WARN_SUSPICIOUS_MOVE = YES;
				CLANG_WARN_UNGUARDED_AVAILABILITY = YES_AGGRESSIVE;
				CLANG_WARN_UNREACHABLE_CODE = YES;
				CLANG_WARN__DUPLICATE_METHOD_MATCH = YES;
				CODE_SIGN_IDENTITY = "iPhone Developer";
				COPY_PHASE_STRIP = NO;
				DEBUG_INFORMATION_FORMAT = "dwarf-with-dsym";
				ENABLE_NS_ASSERTIONS = NO;
				ENABLE_STRICT_OBJC_MSGSEND = YES;
				GCC_C_LANGUAGE_STANDARD = gnu11;
				GCC_NO_COMMON_BLOCKS = YES;
				GCC_WARN_64_TO_32_BIT_CONVERSION = YES;
				GCC_WARN_ABOUT_RETURN_TYPE = YES_ERROR;
				GCC_WARN_UNDECLARED_SELECTOR = YES;
				GCC_WARN_UNINITIALIZED_AUTOS = YES_AGGRESSIVE;
				GCC_WARN_UNUSED_FUNCTION = YES;
				GCC_WARN_UNUSED_VARIABLE = YES;
				IPHONEOS_DEPLOYMENT_TARGET = 11.3;
				MTL_ENABLE_DEBUG_INFO = NO;
				SDKROOT = iphoneos;
				SWIFT_COMPILATION_MODE = wholemodule;
				SWIFT_OPTIMIZATION_LEVEL = "-O";
				VALIDATE_PRODUCT = YES;
			};
			name = Release;
		};
		6DED574620B54ECE001926D6 /* Debug */ = {
			isa = XCBuildConfiguration;
			buildSettings = {
				ASSETCATALOG_COMPILER_APPICON_NAME = AppIcon;
				CODE_SIGN_STYLE = Automatic;
				DEVELOPMENT_TEAM = B84MT6DDGV;
				INFOPLIST_FILE = "Quizz Drapeaux/Info.plist";
				LD_RUNPATH_SEARCH_PATHS = (
					"$(inherited)",
					"@executable_path/Frameworks",
				);
				PRODUCT_BUNDLE_IDENTIFIER = "com.dgironnet.Quizz-Drapeaux";
				PRODUCT_NAME = "$(TARGET_NAME)";
				SWIFT_VERSION = 4.0;
				TARGETED_DEVICE_FAMILY = "1,2";
			};
			name = Debug;
		};
		6DED574720B54ECE001926D6 /* Release */ = {
			isa = XCBuildConfiguration;
			buildSettings = {
				ASSETCATALOG_COMPILER_APPICON_NAME = AppIcon;
				CODE_SIGN_STYLE = Automatic;
				DEVELOPMENT_TEAM = B84MT6DDGV;
				INFOPLIST_FILE = "Quizz Drapeaux/Info.plist";
				LD_RUNPATH_SEARCH_PATHS = (
					"$(inherited)",
					"@executable_path/Frameworks",
				);
				PRODUCT_BUNDLE_IDENTIFIER = "com.dgironnet.Quizz-Drapeaux";
				PRODUCT_NAME = "$(TARGET_NAME)";
				SWIFT_VERSION = 4.0;
				TARGETED_DEVICE_FAMILY = "1,2";
			};
			name = Release;
		};
/* End XCBuildConfiguration section */

/* Begin XCConfigurationList section */
		6DED572E20B54ECB001926D6 /* Build configuration list for PBXProject "Quizz Drapeaux" */ = {
			isa = XCConfigurationList;
			buildConfigurations = (
				6DED574320B54ECE001926D6 /* Debug */,
				6DED574420B54ECE001926D6 /* Release */,
			);
			defaultConfigurationIsVisible = 0;
			defaultConfigurationName = Release;
		};
		6DED574520B54ECE001926D6 /* Build configuration list for PBXNativeTarget "Quizz Drapeaux" */ = {
			isa = XCConfigurationList;
			buildConfigurations = (
				6DED574620B54ECE001926D6 /* Debug */,
				6DED574720B54ECE001926D6 /* Release */,
			);
			defaultConfigurationIsVisible = 0;
			defaultConfigurationName = Release;
		};
/* End XCConfigurationList section */
	};
	rootObject = 6DED572B20B54ECB001926D6 /* Project object */;
}
