// !$*UTF8*$!
{
	archiveVersion = 1;
	classes = {
	};
	objectVersion = 50;
	objects = {

/* Begin PBXBuildFile section */
		6D5F6BDB2309770100DD37E8 /* Article.swift in Sources */ = {isa = PBXBuildFile; fileRef = 6D5F6BDA2309770100DD37E8 /* Article.swift */; };
		6D5F6BDE23097A4800DD37E8 /* ArticleTableViewCell.swift in Sources */ = {isa = PBXBuildFile; fileRef = 6D5F6BDD23097A4800DD37E8 /* ArticleTableViewCell.swift */; };
		6D5F6BE123097C5400DD37E8 /* URLRequest+Extensions.swift in Sources */ = {isa = PBXBuildFile; fileRef = 6D5F6BE023097C5400DD37E8 /* URLRequest+Extensions.swift */; };
		6D9BB22923086200005FB58A /* AppDelegate.swift in Sources */ = {isa = PBXBuildFile; fileRef = 6D9BB22823086200005FB58A /* AppDelegate.swift */; };
		6D9BB22E23086200005FB58A /* Main.storyboard in Resources */ = {isa = PBXBuildFile; fileRef = 6D9BB22C23086200005FB58A /* Main.storyboard */; };
		6D9BB23023086202005FB58A /* Assets.xcassets in Resources */ = {isa = PBXBuildFile; fileRef = 6D9BB22F23086202005FB58A /* Assets.xcassets */; };
		6D9BB23323086202005FB58A /* LaunchScreen.storyboard in Resources */ = {isa = PBXBuildFile; fileRef = 6D9BB23123086202005FB58A /* LaunchScreen.storyboard */; };
		6D9BB23B230862CF005FB58A /* NewsTableViewController.swift in Sources */ = {isa = PBXBuildFile; fileRef = 6D9BB23A230862CF005FB58A /* NewsTableViewController.swift */; };
		CA8A86463F8F41F90632AA41 /* Pods_GoodNews.framework in Frameworks */ = {isa = PBXBuildFile; fileRef = 152C0C4852AC461A785A7355 /* Pods_GoodNews.framework */; };
/* End PBXBuildFile section */

/* Begin PBXFileReference section */
		152C0C4852AC461A785A7355 /* Pods_GoodNews.framework */ = {isa = PBXFileReference; explicitFileType = wrapper.framework; includeInIndex = 0; path = Pods_GoodNews.framework; sourceTree = BUILT_PRODUCTS_DIR; };
		57E2F899921F056BF00E3CE1 /* Pods-GoodNews.release.xcconfig */ = {isa = PBXFileReference; includeInIndex = 1; lastKnownFileType = text.xcconfig; name = "Pods-GoodNews.release.xcconfig"; path = "Pods/Target Support Files/Pods-GoodNews/Pods-GoodNews.release.xcconfig"; sourceTree = "<group>"; };
		6D5F6BDA2309770100DD37E8 /* Article.swift */ = {isa = PBXFileReference; lastKnownFileType = sourcecode.swift; path = Article.swift; sourceTree = "<group>"; };
		6D5F6BDD23097A4800DD37E8 /* ArticleTableViewCell.swift */ = {isa = PBXFileReference; lastKnownFileType = sourcecode.swift; path = ArticleTableViewCell.swift; sourceTree = "<group>"; };
		6D5F6BE023097C5400DD37E8 /* URLRequest+Extensions.swift */ = {isa = PBXFileReference; lastKnownFileType = sourcecode.swift; path = "URLRequest+Extensions.swift"; sourceTree = "<group>"; };
		6D9BB22523086200005FB58A /* GoodNews.app */ = {isa = PBXFileReference; explicitFileType = wrapper.application; includeInIndex = 0; path = GoodNews.app; sourceTree = BUILT_PRODUCTS_DIR; };
		6D9BB22823086200005FB58A /* AppDelegate.swift */ = {isa = PBXFileReference; lastKnownFileType = sourcecode.swift; path = AppDelegate.swift; sourceTree = "<group>"; };
		6D9BB22D23086200005FB58A /* Base */ = {isa = PBXFileReference; lastKnownFileType = file.storyboard; name = Base; path = Base.lproj/Main.storyboard; sourceTree = "<group>"; };
		6D9BB22F23086202005FB58A /* Assets.xcassets */ = {isa = PBXFileReference; lastKnownFileType = folder.assetcatalog; path = Assets.xcassets; sourceTree = "<group>"; };
		6D9BB23223086202005FB58A /* Base */ = {isa = PBXFileReference; lastKnownFileType = file.storyboard; name = Base; path = Base.lproj/LaunchScreen.storyboard; sourceTree = "<group>"; };
		6D9BB23423086202005FB58A /* Info.plist */ = {isa = PBXFileReference; lastKnownFileType = text.plist.xml; path = Info.plist; sourceTree = "<group>"; };
		6D9BB23A230862CF005FB58A /* NewsTableViewController.swift */ = {isa = PBXFileReference; lastKnownFileType = sourcecode.swift; path = NewsTableViewController.swift; sourceTree = "<group>"; };
		C17774E6EEC64EF4133972C7 /* Pods-GoodNews.debug.xcconfig */ = {isa = PBXFileReference; includeInIndex = 1; lastKnownFileType = text.xcconfig; name = "Pods-GoodNews.debug.xcconfig"; path = "Pods/Target Support Files/Pods-GoodNews/Pods-GoodNews.debug.xcconfig"; sourceTree = "<group>"; };
/* End PBXFileReference section */

/* Begin PBXFrameworksBuildPhase section */
		6D9BB22223086200005FB58A /* Frameworks */ = {
			isa = PBXFrameworksBuildPhase;
			buildActionMask = 2147483647;
			files = (
				CA8A86463F8F41F90632AA41 /* Pods_GoodNews.framework in Frameworks */,
			);
			runOnlyForDeploymentPostprocessing = 0;
		};
/* End PBXFrameworksBuildPhase section */

/* Begin PBXGroup section */
		69C7AA8418BD58E833F86658 /* Pods */ = {
			isa = PBXGroup;
			children = (
				C17774E6EEC64EF4133972C7 /* Pods-GoodNews.debug.xcconfig */,
				57E2F899921F056BF00E3CE1 /* Pods-GoodNews.release.xcconfig */,
			);
			name = Pods;
			sourceTree = "<group>";
		};
		6D5F6BD9230976E800DD37E8 /* models */ = {
			isa = PBXGroup;
			children = (
				6D5F6BDA2309770100DD37E8 /* Article.swift */,
			);
			path = models;
			sourceTree = "<group>";
		};
		6D5F6BDC23097A3500DD37E8 /* cells */ = {
			isa = PBXGroup;
			children = (
				6D5F6BDD23097A4800DD37E8 /* ArticleTableViewCell.swift */,
			);
			path = cells;
			sourceTree = "<group>";
		};
		6D5F6BDF23097C2800DD37E8 /* extensions */ = {
			isa = PBXGroup;
			children = (
				6D5F6BE023097C5400DD37E8 /* URLRequest+Extensions.swift */,
			);
			path = extensions;
			sourceTree = "<group>";
		};
		6D9BB21C23086200005FB58A = {
			isa = PBXGroup;
			children = (
				6D9BB22723086200005FB58A /* GoodNews */,
				6D9BB22623086200005FB58A /* Products */,
				69C7AA8418BD58E833F86658 /* Pods */,
				C7F2088719A0802F833029FD /* Frameworks */,
			);
			sourceTree = "<group>";
		};
		6D9BB22623086200005FB58A /* Products */ = {
			isa = PBXGroup;
			children = (
				6D9BB22523086200005FB58A /* GoodNews.app */,
			);
			name = Products;
			sourceTree = "<group>";
		};
		6D9BB22723086200005FB58A /* GoodNews */ = {
			isa = PBXGroup;
			children = (
				6D5F6BDF23097C2800DD37E8 /* extensions */,
				6D5F6BDC23097A3500DD37E8 /* cells */,
				6D5F6BD9230976E800DD37E8 /* models */,
				6D9BB22823086200005FB58A /* AppDelegate.swift */,
				6D9BB22C23086200005FB58A /* Main.storyboard */,
				6D9BB22F23086202005FB58A /* Assets.xcassets */,
				6D9BB23123086202005FB58A /* LaunchScreen.storyboard */,
				6D9BB23423086202005FB58A /* Info.plist */,
				6D9BB23A230862CF005FB58A /* NewsTableViewController.swift */,
			);
			path = GoodNews;
			sourceTree = "<group>";
		};
		C7F2088719A0802F833029FD /* Frameworks */ = {
			isa = PBXGroup;
			children = (
				152C0C4852AC461A785A7355 /* Pods_GoodNews.framework */,
			);
			name = Frameworks;
			sourceTree = "<group>";
		};
/* End PBXGroup section */

/* Begin PBXNativeTarget section */
		6D9BB22423086200005FB58A /* GoodNews */ = {
			isa = PBXNativeTarget;
			buildConfigurationList = 6D9BB23723086202005FB58A /* Build configuration list for PBXNativeTarget "GoodNews" */;
			buildPhases = (
				F83B26A64F94D5FC98511899 /* [CP] Check Pods Manifest.lock */,
				6D9BB22123086200005FB58A /* Sources */,
				6D9BB22223086200005FB58A /* Frameworks */,
				6D9BB22323086200005FB58A /* Resources */,
				5384BFEB7165111A10A4E1B2 /* [CP] Embed Pods Frameworks */,
				B421B435418237EC84AB4830 /* [CP] Copy Pods Resources */,
			);
			buildRules = (
			);
			dependencies = (
			);
			name = GoodNews;
			productName = GoodNews;
			productReference = 6D9BB22523086200005FB58A /* GoodNews.app */;
			productType = "com.apple.product-type.application";
		};
/* End PBXNativeTarget section */

/* Begin PBXProject section */
		6D9BB21D23086200005FB58A /* Project object */ = {
			isa = PBXProject;
			attributes = {
				LastSwiftUpdateCheck = 1030;
				LastUpgradeCheck = 1030;
				ORGANIZATIONNAME = damien;
				TargetAttributes = {
					6D9BB22423086200005FB58A = {
						CreatedOnToolsVersion = 10.3;
					};
				};
			};
			buildConfigurationList = 6D9BB22023086200005FB58A /* Build configuration list for PBXProject "GoodNews" */;
			compatibilityVersion = "Xcode 9.3";
			developmentRegion = en;
			hasScannedForEncodings = 0;
			knownRegions = (
				en,
				Base,
			);
			mainGroup = 6D9BB21C23086200005FB58A;
			productRefGroup = 6D9BB22623086200005FB58A /* Products */;
			projectDirPath = "";
			projectRoot = "";
			targets = (
				6D9BB22423086200005FB58A /* GoodNews */,
			);
		};
/* End PBXProject section */

/* Begin PBXResourcesBuildPhase section */
		6D9BB22323086200005FB58A /* Resources */ = {
			isa = PBXResourcesBuildPhase;
			buildActionMask = 2147483647;
			files = (
				6D9BB23323086202005FB58A /* LaunchScreen.storyboard in Resources */,
				6D9BB23023086202005FB58A /* Assets.xcassets in Resources */,
				6D9BB22E23086200005FB58A /* Main.storyboard in Resources */,
			);
			runOnlyForDeploymentPostprocessing = 0;
		};
/* End PBXResourcesBuildPhase section */

/* Begin PBXShellScriptBuildPhase section */
		5384BFEB7165111A10A4E1B2 /* [CP] Embed Pods Frameworks */ = {
			isa = PBXShellScriptBuildPhase;
			buildActionMask = 2147483647;
			files = (
			);
			inputFileListPaths = (
			);
			inputPaths = (
				"${SRCROOT}/Pods/Target Support Files/Pods-GoodNews/Pods-GoodNews-frameworks.sh",
				"${BUILT_PRODUCTS_DIR}/RxCocoa/RxCocoa.framework",
				"${BUILT_PRODUCTS_DIR}/RxSwift/RxSwift.framework",
			);
			name = "[CP] Embed Pods Frameworks";
			outputFileListPaths = (
			);
			outputPaths = (
				"${TARGET_BUILD_DIR}/${FRAMEWORKS_FOLDER_PATH}/RxCocoa.framework",
				"${TARGET_BUILD_DIR}/${FRAMEWORKS_FOLDER_PATH}/RxSwift.framework",
			);
			runOnlyForDeploymentPostprocessing = 0;
			shellPath = /bin/sh;
			shellScript = "\"${SRCROOT}/Pods/Target Support Files/Pods-GoodNews/Pods-GoodNews-frameworks.sh\"\n";
			showEnvVarsInLog = 0;
		};
		B421B435418237EC84AB4830 /* [CP] Copy Pods Resources */ = {
			isa = PBXShellScriptBuildPhase;
			buildActionMask = 2147483647;
			files = (
			);
			inputFileListPaths = (
			);
			inputPaths = (
			);
			name = "[CP] Copy Pods Resources";
			outputFileListPaths = (
			);
			outputPaths = (
			);
			runOnlyForDeploymentPostprocessing = 0;
			shellPath = /bin/sh;
			shellScript = "\"${SRCROOT}/Pods/Target Support Files/Pods-GoodNews/Pods-GoodNews-resources.sh\"\n";
			showEnvVarsInLog = 0;
		};
		F83B26A64F94D5FC98511899 /* [CP] Check Pods Manifest.lock */ = {
			isa = PBXShellScriptBuildPhase;
			buildActionMask = 2147483647;
			files = (
			);
			inputFileListPaths = (
			);
			inputPaths = (
				"${PODS_PODFILE_DIR_PATH}/Podfile.lock",
				"${PODS_ROOT}/Manifest.lock",
			);
			name = "[CP] Check Pods Manifest.lock";
			outputFileListPaths = (
			);
			outputPaths = (
				"$(DERIVED_FILE_DIR)/Pods-GoodNews-checkManifestLockResult.txt",
			);
			runOnlyForDeploymentPostprocessing = 0;
			shellPath = /bin/sh;
			shellScript = "diff \"${PODS_PODFILE_DIR_PATH}/Podfile.lock\" \"${PODS_ROOT}/Manifest.lock\" > /dev/null\nif [ $? != 0 ] ; then\n    # print error to STDERR\n    echo \"error: The sandbox is not in sync with the Podfile.lock. Run 'pod install' or update your CocoaPods installation.\" >&2\n    exit 1\nfi\n# This output is used by Xcode 'outputs' to avoid re-running this script phase.\necho \"SUCCESS\" > \"${SCRIPT_OUTPUT_FILE_0}\"\n";
			showEnvVarsInLog = 0;
		};
/* End PBXShellScriptBuildPhase section */

/* Begin PBXSourcesBuildPhase section */
		6D9BB22123086200005FB58A /* Sources */ = {
			isa = PBXSourcesBuildPhase;
			buildActionMask = 2147483647;
			files = (
				6D5F6BDE23097A4800DD37E8 /* ArticleTableViewCell.swift in Sources */,
				6D9BB23B230862CF005FB58A /* NewsTableViewController.swift in Sources */,
				6D9BB22923086200005FB58A /* AppDelegate.swift in Sources */,
				6D5F6BE123097C5400DD37E8 /* URLRequest+Extensions.swift in Sources */,
				6D5F6BDB2309770100DD37E8 /* Article.swift in Sources */,
			);
			runOnlyForDeploymentPostprocessing = 0;
		};
/* End PBXSourcesBuildPhase section */

/* Begin PBXVariantGroup section */
		6D9BB22C23086200005FB58A /* Main.storyboard */ = {
			isa = PBXVariantGroup;
			children = (
				6D9BB22D23086200005FB58A /* Base */,
			);
			name = Main.storyboard;
			sourceTree = "<group>";
		};
		6D9BB23123086202005FB58A /* LaunchScreen.storyboard */ = {
			isa = PBXVariantGroup;
			children = (
				6D9BB23223086202005FB58A /* Base */,
			);
			name = LaunchScreen.storyboard;
			sourceTree = "<group>";
		};
/* End PBXVariantGroup section */

/* Begin XCBuildConfiguration section */
		6D9BB23523086202005FB58A /* Debug */ = {
			isa = XCBuildConfiguration;
			buildSettings = {
				ALWAYS_SEARCH_USER_PATHS = NO;
				CLANG_ANALYZER_NONNULL = YES;
				CLANG_ANALYZER_NUMBER_OBJECT_CONVERSION = YES_AGGRESSIVE;
				CLANG_CXX_LANGUAGE_STANDARD = "gnu++14";
				CLANG_CXX_LIBRARY = "libc++";
				CLANG_ENABLE_MODULES = YES;
				CLANG_ENABLE_OBJC_ARC = YES;
				CLANG_ENABLE_OBJC_WEAK = YES;
				CLANG_WARN_BLOCK_CAPTURE_AUTORELEASING = YES;
				CLANG_WARN_BOOL_CONVERSION = YES;
				CLANG_WARN_COMMA = YES;
				CLANG_WARN_CONSTANT_CONVERSION = YES;
				CLANG_WARN_DEPRECATED_OBJC_IMPLEMENTATIONS = YES;
				CLANG_WARN_DIRECT_OBJC_ISA_USAGE = YES_ERROR;
				CLANG_WARN_DOCUMENTATION_COMMENTS = YES;
				CLANG_WARN_EMPTY_BODY = YES;
				CLANG_WARN_ENUM_CONVERSION = YES;
				CLANG_WARN_INFINITE_RECURSION = YES;
				CLANG_WARN_INT_CONVERSION = YES;
				CLANG_WARN_NON_LITERAL_NULL_CONVERSION = YES;
				CLANG_WARN_OBJC_IMPLICIT_RETAIN_SELF = YES;
				CLANG_WARN_OBJC_LITERAL_CONVERSION = YES;
				CLANG_WARN_OBJC_ROOT_CLASS = YES_ERROR;
				CLANG_WARN_RANGE_LOOP_ANALYSIS = YES;
				CLANG_WARN_STRICT_PROTOTYPES = YES;
				CLANG_WARN_SUSPICIOUS_MOVE = YES;
				CLANG_WARN_UNGUARDED_AVAILABILITY = YES_AGGRESSIVE;
				CLANG_WARN_UNREACHABLE_CODE = YES;
				CLANG_WARN__DUPLICATE_METHOD_MATCH = YES;
				CODE_SIGN_IDENTITY = "iPhone Developer";
				COPY_PHASE_STRIP = NO;
				DEBUG_INFORMATION_FORMAT = dwarf;
				ENABLE_STRICT_OBJC_MSGSEND = YES;
				ENABLE_TESTABILITY = YES;
				GCC_C_LANGUAGE_STANDARD = gnu11;
				GCC_DYNAMIC_NO_PIC = NO;
				GCC_NO_COMMON_BLOCKS = YES;
				GCC_OPTIMIZATION_LEVEL = 0;
				GCC_PREPROCESSOR_DEFINITIONS = (
					"DEBUG=1",
					"$(inherited)",
				);
				GCC_WARN_64_TO_32_BIT_CONVERSION = YES;
				GCC_WARN_ABOUT_RETURN_TYPE = YES_ERROR;
				GCC_WARN_UNDECLARED_SELECTOR = YES;
				GCC_WARN_UNINITIALIZED_AUTOS = YES_AGGRESSIVE;
				GCC_WARN_UNUSED_FUNCTION = YES;
				GCC_WARN_UNUSED_VARIABLE = YES;
				IPHONEOS_DEPLOYMENT_TARGET = 12.4;
				MTL_ENABLE_DEBUG_INFO = INCLUDE_SOURCE;
				MTL_FAST_MATH = YES;
				ONLY_ACTIVE_ARCH = YES;
				SDKROOT = iphoneos;
				SWIFT_ACTIVE_COMPILATION_CONDITIONS = DEBUG;
				SWIFT_OPTIMIZATION_LEVEL = "-Onone";
			};
			name = Debug;
		};
		6D9BB23623086202005FB58A /* Release */ = {
			isa = XCBuildConfiguration;
			buildSettings = {
				ALWAYS_SEARCH_USER_PATHS = NO;
				CLANG_ANALYZER_NONNULL = YES;
				CLANG_ANALYZER_NUMBER_OBJECT_CONVERSION = YES_AGGRESSIVE;
				CLANG_CXX_LANGUAGE_STANDARD = "gnu++14";
				CLANG_CXX_LIBRARY = "libc++";
				CLANG_ENABLE_MODULES = YES;
				CLANG_ENABLE_OBJC_ARC = YES;
				CLANG_ENABLE_OBJC_WEAK = YES;
				CLANG_WARN_BLOCK_CAPTURE_AUTORELEASING = YES;
				CLANG_WARN_BOOL_CONVERSION = YES;
				CLANG_WARN_COMMA = YES;
				CLANG_WARN_CONSTANT_CONVERSION = YES;
				CLANG_WARN_DEPRECATED_OBJC_IMPLEMENTATIONS = YES;
				CLANG_WARN_DIRECT_OBJC_ISA_USAGE = YES_ERROR;
				CLANG_WARN_DOCUMENTATION_COMMENTS = YES;
				CLANG_WARN_EMPTY_BODY = YES;
				CLANG_WARN_ENUM_CONVERSION = YES;
				CLANG_WARN_INFINITE_RECURSION = YES;
				CLANG_WARN_INT_CONVERSION = YES;
				CLANG_WARN_NON_LITERAL_NULL_CONVERSION = YES;
				CLANG_WARN_OBJC_IMPLICIT_RETAIN_SELF = YES;
				CLANG_WARN_OBJC_LITERAL_CONVERSION = YES;
				CLANG_WARN_OBJC_ROOT_CLASS = YES_ERROR;
				CLANG_WARN_RANGE_LOOP_ANALYSIS = YES;
				CLANG_WARN_STRICT_PROTOTYPES = YES;
				CLANG_WARN_SUSPICIOUS_MOVE = YES;
				CLANG_WARN_UNGUARDED_AVAILABILITY = YES_AGGRESSIVE;
				CLANG_WARN_UNREACHABLE_CODE = YES;
				CLANG_WARN__DUPLICATE_METHOD_MATCH = YES;
				CODE_SIGN_IDENTITY = "iPhone Developer";
				COPY_PHASE_STRIP = NO;
				DEBUG_INFORMATION_FORMAT = "dwarf-with-dsym";
				ENABLE_NS_ASSERTIONS = NO;
				ENABLE_STRICT_OBJC_MSGSEND = YES;
				GCC_C_LANGUAGE_STANDARD = gnu11;
				GCC_NO_COMMON_BLOCKS = YES;
				GCC_WARN_64_TO_32_BIT_CONVERSION = YES;
				GCC_WARN_ABOUT_RETURN_TYPE = YES_ERROR;
				GCC_WARN_UNDECLARED_SELECTOR = YES;
				GCC_WARN_UNINITIALIZED_AUTOS = YES_AGGRESSIVE;
				GCC_WARN_UNUSED_FUNCTION = YES;
				GCC_WARN_UNUSED_VARIABLE = YES;
				IPHONEOS_DEPLOYMENT_TARGET = 12.4;
				MTL_ENABLE_DEBUG_INFO = NO;
				MTL_FAST_MATH = YES;
				SDKROOT = iphoneos;
				SWIFT_COMPILATION_MODE = wholemodule;
				SWIFT_OPTIMIZATION_LEVEL = "-O";
				VALIDATE_PRODUCT = YES;
			};
			name = Release;
		};
		6D9BB23823086202005FB58A /* Debug */ = {
			isa = XCBuildConfiguration;
			baseConfigurationReference = C17774E6EEC64EF4133972C7 /* Pods-GoodNews.debug.xcconfig */;
			buildSettings = {
				ASSETCATALOG_COMPILER_APPICON_NAME = AppIcon;
				CODE_SIGN_STYLE = Automatic;
				DEVELOPMENT_TEAM = B84MT6DDGV;
				INFOPLIST_FILE = GoodNews/Info.plist;
				LD_RUNPATH_SEARCH_PATHS = (
					"$(inherited)",
					"@executable_path/Frameworks",
				);
				PRODUCT_BUNDLE_IDENTIFIER = com.dgironnet.GoodNews;
				PRODUCT_NAME = "$(TARGET_NAME)";
				SWIFT_VERSION = 5.0;
				TARGETED_DEVICE_FAMILY = "1,2";
			};
			name = Debug;
		};
		6D9BB23923086202005FB58A /* Release */ = {
			isa = XCBuildConfiguration;
			baseConfigurationReference = 57E2F899921F056BF00E3CE1 /* Pods-GoodNews.release.xcconfig */;
			buildSettings = {
				ASSETCATALOG_COMPILER_APPICON_NAME = AppIcon;
				CODE_SIGN_STYLE = Automatic;
				DEVELOPMENT_TEAM = B84MT6DDGV;
				INFOPLIST_FILE = GoodNews/Info.plist;
				LD_RUNPATH_SEARCH_PATHS = (
					"$(inherited)",
					"@executable_path/Frameworks",
				);
				PRODUCT_BUNDLE_IDENTIFIER = com.dgironnet.GoodNews;
				PRODUCT_NAME = "$(TARGET_NAME)";
				SWIFT_VERSION = 5.0;
				TARGETED_DEVICE_FAMILY = "1,2";
			};
			name = Release;
		};
/* End XCBuildConfiguration section */

/* Begin XCConfigurationList section */
		6D9BB22023086200005FB58A /* Build configuration list for PBXProject "GoodNews" */ = {
			isa = XCConfigurationList;
			buildConfigurations = (
				6D9BB23523086202005FB58A /* Debug */,
				6D9BB23623086202005FB58A /* Release */,
			);
			defaultConfigurationIsVisible = 0;
			defaultConfigurationName = Release;
		};
		6D9BB23723086202005FB58A /* Build configuration list for PBXNativeTarget "GoodNews" */ = {
			isa = XCConfigurationList;
			buildConfigurations = (
				6D9BB23823086202005FB58A /* Debug */,
				6D9BB23923086202005FB58A /* Release */,
			);
			defaultConfigurationIsVisible = 0;
			defaultConfigurationName = Release;
		};
/* End XCConfigurationList section */
	};
	rootObject = 6D9BB21D23086200005FB58A /* Project object */;
}
